
Microsoft Visual Studio Solution File, Format Version 12.00
# Visual Studio Version 17
VisualStudioVersion = 17.8.34330.188
MinimumVisualStudioVersion = 10.0.40219.1
Project("{2150E333-8FDC-42A3-9474-1A3956D46DE8}") = "FrontEnd", "FrontEnd", "{89989833-283D-4C57-BE32-E4A1B08E4341}"
EndProject
Project("{2150E333-8FDC-42A3-9474-1A3956D46DE8}") = "Gateway", "Gateway", "{FA2C8CB2-588E-4543-8E2E-53B9C4901DC6}"
EndProject
Project("{2150E333-8FDC-42A3-9474-1A3956D46DE8}") = "Integration", "Integration", "{2C4798CF-3B7D-4752-92E2-D61E3F832C26}"
EndProject
Project("{2150E333-8FDC-42A3-9474-1A3956D46DE8}") = "Services", "Services", "{DE37561A-51F7-4878-8633-E12D395876F6}"
EndProject
Project("{9A19103F-16F7-4668-BE54-9A1E7A4F7556}") = "Mango.Services.CouponApi", "Mango.Services.CouponApi\Mango.Services.CouponApi.csproj", "{32B08DC6-968E-4BC0-A430-1BBFC8DA8B19}"
EndProject
Project("{9A19103F-16F7-4668-BE54-9A1E7A4F7556}") = "Mango.Web", "Mango.Web\Mango.Web.csproj", "{2D7BAA77-30A5-437F-A9A4-63B05C38BA9C}"
EndProject
Project("{9A19103F-16F7-4668-BE54-9A1E7A4F7556}") = "Variables", "Variables\Variables.csproj", "{63A07E90-CC61-456E-9600-64E98D0E4106}"
EndProject
Project("{9A19103F-16F7-4668-BE54-9A1E7A4F7556}") = "Mango.Services.AuthAPI", "Mango.Services.AuthAPI\Mango.Services.AuthAPI.csproj", "{DCF8B9AE-789C-498E-BC05-5D8D16AB3FBC}"
EndProject
Project("{2150E333-8FDC-42A3-9474-1A3956D46DE8}") = "Solution Items", "Solution Items", "{8964B561-4BA9-4217-83F2-B8FEC0EA1CE9}"
	ProjectSection(SolutionItems) = preProject
		docker-compose.yaml = docker-compose.yaml
	EndProjectSection
EndProject
Project("{9A19103F-16F7-4668-BE54-9A1E7A4F7556}") = "Infrastructure", "Infastructure\Infrastructure.csproj", "{CC4CF249-161A-4CAC-8EC0-B2F7EC22C868}"
EndProject
Project("{FAE04EC0-301F-11D3-BF4B-00C04F79EFBC}") = "Mango.Services.ProductAPI", "Mango.Services.ProductAPI\Mango.Services.ProductAPI.csproj", "{D2E329A6-6908-43CC-BC94-69EB133DBB27}"
EndProject
Global
	GlobalSection(SolutionConfigurationPlatforms) = preSolution
		Debug|Any CPU = Debug|Any CPU
		Release|Any CPU = Release|Any CPU
	EndGlobalSection
	GlobalSection(ProjectConfigurationPlatforms) = postSolution
		{32B08DC6-968E-4BC0-A430-1BBFC8DA8B19}.Debug|Any CPU.ActiveCfg = Debug|Any CPU
		{32B08DC6-968E-4BC0-A430-1BBFC8DA8B19}.Debug|Any CPU.Build.0 = Debug|Any CPU
		{32B08DC6-968E-4BC0-A430-1BBFC8DA8B19}.Release|Any CPU.ActiveCfg = Release|Any CPU
		{32B08DC6-968E-4BC0-A430-1BBFC8DA8B19}.Release|Any CPU.Build.0 = Release|Any CPU
		{2D7BAA77-30A5-437F-A9A4-63B05C38BA9C}.Debug|Any CPU.ActiveCfg = Debug|Any CPU
		{2D7BAA77-30A5-437F-A9A4-63B05C38BA9C}.Debug|Any CPU.Build.0 = Debug|Any CPU
		{2D7BAA77-30A5-437F-A9A4-63B05C38BA9C}.Release|Any CPU.ActiveCfg = Release|Any CPU
		{2D7BAA77-30A5-437F-A9A4-63B05C38BA9C}.Release|Any CPU.Build.0 = Release|Any CPU
		{63A07E90-CC61-456E-9600-64E98D0E4106}.Debug|Any CPU.ActiveCfg = Debug|Any CPU
		{63A07E90-CC61-456E-9600-64E98D0E4106}.Debug|Any CPU.Build.0 = Debug|Any CPU
		{63A07E90-CC61-456E-9600-64E98D0E4106}.Release|Any CPU.ActiveCfg = Release|Any CPU
		{63A07E90-CC61-456E-9600-64E98D0E4106}.Release|Any CPU.Build.0 = Release|Any CPU
		{DCF8B9AE-789C-498E-BC05-5D8D16AB3FBC}.Debug|Any CPU.ActiveCfg = Debug|Any CPU
		{DCF8B9AE-789C-498E-BC05-5D8D16AB3FBC}.Debug|Any CPU.Build.0 = Debug|Any CPU
		{DCF8B9AE-789C-498E-BC05-5D8D16AB3FBC}.Release|Any CPU.ActiveCfg = Release|Any CPU
		{DCF8B9AE-789C-498E-BC05-5D8D16AB3FBC}.Release|Any CPU.Build.0 = Release|Any CPU
		{CC4CF249-161A-4CAC-8EC0-B2F7EC22C868}.Debug|Any CPU.ActiveCfg = Debug|Any CPU
		{CC4CF249-161A-4CAC-8EC0-B2F7EC22C868}.Debug|Any CPU.Build.0 = Debug|Any CPU
		{CC4CF249-161A-4CAC-8EC0-B2F7EC22C868}.Release|Any CPU.ActiveCfg = Release|Any CPU
		{CC4CF249-161A-4CAC-8EC0-B2F7EC22C868}.Release|Any CPU.Build.0 = Release|Any CPU
		{D2E329A6-6908-43CC-BC94-69EB133DBB27}.Debug|Any CPU.ActiveCfg = Debug|Any CPU
		{D2E329A6-6908-43CC-BC94-69EB133DBB27}.Debug|Any CPU.Build.0 = Debug|Any CPU
		{D2E329A6-6908-43CC-BC94-69EB133DBB27}.Release|Any CPU.ActiveCfg = Release|Any CPU
		{D2E329A6-6908-43CC-BC94-69EB133DBB27}.Release|Any CPU.Build.0 = Release|Any CPU
	EndGlobalSection
	GlobalSection(SolutionProperties) = preSolution
		HideSolutionNode = FALSE
	EndGlobalSection
	GlobalSection(NestedProjects) = preSolution
		{32B08DC6-968E-4BC0-A430-1BBFC8DA8B19} = {DE37561A-51F7-4878-8633-E12D395876F6}
		{2D7BAA77-30A5-437F-A9A4-63B05C38BA9C} = {89989833-283D-4C57-BE32-E4A1B08E4341}
		{63A07E90-CC61-456E-9600-64E98D0E4106} = {89989833-283D-4C57-BE32-E4A1B08E4341}
		{DCF8B9AE-789C-498E-BC05-5D8D16AB3FBC} = {DE37561A-51F7-4878-8633-E12D395876F6}
		{CC4CF249-161A-4CAC-8EC0-B2F7EC22C868} = {DE37561A-51F7-4878-8633-E12D395876F6}
	EndGlobalSection
	GlobalSection(ExtensibilityGlobals) = postSolution
		SolutionGuid = {3C69B2DC-7FDB-4D5A-94F3-AE4E1598663C}
	EndGlobalSection
EndGlobal
